
Microsoft Visual Studio Solution File, Format Version 12.00
# Visual Studio Version 17
VisualStudioVersion = 17.14.37012.4
MinimumVisualStudioVersion = 10.0.40219.1
Project("{FAE04EC0-301F-11D3-BF4B-00C04F79EFBC}") = "RPS.Shared", "RPS.Shared\RPS.Shared.csproj", "{16701699-1AB7-47E0-B6AE-682BA2A74D5C}"
EndProject
Project("{FAE04EC0-301F-11D3-BF4B-00C04F79EFBC}") = "RPS.Server", "RPS.Server\RPS.Server.csproj", "{A51BDD77-9793-464B-980B-A03C44B05738}"
EndProject
Project("{FAE04EC0-301F-11D3-BF4B-00C04F79EFBC}") = "RPS.Client", "RPS.Client\RPS.Client.csproj", "{A52AB6CD-7E0A-485B-A684-6FCD0BDB88CC}"
EndProject
Global
	GlobalSection(SolutionConfigurationPlatforms) = preSolution
		Debug|Any CPU = Debug|Any CPU
		Release|Any CPU = Release|Any CPU
	EndGlobalSection
	GlobalSection(ProjectConfigurationPlatforms) = postSolution
		{16701699-1AB7-47E0-B6AE-682BA2A74D5C}.Debug|Any CPU.ActiveCfg = Debug|Any CPU
		{16701699-1AB7-47E0-B6AE-682BA2A74D5C}.Debug|Any CPU.Build.0 = Debug|Any CPU
		{16701699-1AB7-47E0-B6AE-682BA2A74D5C}.Release|Any CPU.ActiveCfg = Release|Any CPU
		{16701699-1AB7-47E0-B6AE-682BA2A74D5C}.Release|Any CPU.Build.0 = Release|Any CPU
		{A51BDD77-9793-464B-980B-A03C44B05738}.Debug|Any CPU.ActiveCfg = Debug|Any CPU
		{A51BDD77-9793-464B-980B-A03C44B05738}.Debug|Any CPU.Build.0 = Debug|Any CPU
		{A51BDD77-9793-464B-980B-A03C44B05738}.Release|Any CPU.ActiveCfg = Release|Any CPU
		{A51BDD77-9793-464B-980B-A03C44B05738}.Release|Any CPU.Build.0 = Release|Any CPU
		{A52AB6CD-7E0A-485B-A684-6FCD0BDB88CC}.Debug|Any CPU.ActiveCfg = Debug|Any CPU
		{A52AB6CD-7E0A-485B-A684-6FCD0BDB88CC}.Debug|Any CPU.Build.0 = Debug|Any CPU
		{A52AB6CD-7E0A-485B-A684-6FCD0BDB88CC}.Release|Any CPU.ActiveCfg = Release|Any CPU
		{A52AB6CD-7E0A-485B-A684-6FCD0BDB88CC}.Release|Any CPU.Build.0 = Release|Any CPU
	EndGlobalSection
	GlobalSection(SolutionProperties) = preSolution
		HideSolutionNode = FALSE
	EndGlobalSection
	GlobalSection(ExtensibilityGlobals) = postSolution
		SolutionGuid = {B066C18D-A5A4-4194-B4AD-9E89D398614D}
	EndGlobalSection
EndGlobal
